
Microsoft Visual Studio Solution File, Format Version 12.00
# Visual Studio Version 16
VisualStudioVersion = 16.0.31729.503
MinimumVisualStudioVersion = 10.0.40219.1
Project("{FAE04EC0-301F-11D3-BF4B-00C04F79EFBC}") = "PhotosApi", "PhotosApi\PhotosApi.csproj", "{A6D9BC24-5E81-41DD-8D4F-0676D5CD368D}"
EndProject
Global
	GlobalSection(SolutionConfigurationPlatforms) = preSolution
		Debug|Any CPU = Debug|Any CPU
		Release|Any CPU = Release|Any CPU
	EndGlobalSection
	GlobalSection(ProjectConfigurationPlatforms) = postSolution
		{A6D9BC24-5E81-41DD-8D4F-0676D5CD368D}.Debug|Any CPU.ActiveCfg = Debug|Any CPU
		{A6D9BC24-5E81-41DD-8D4F-0676D5CD368D}.Debug|Any CPU.Build.0 = Debug|Any CPU
		{A6D9BC24-5E81-41DD-8D4F-0676D5CD368D}.Release|Any CPU.ActiveCfg = Release|Any CPU
		{A6D9BC24-5E81-41DD-8D4F-0676D5CD368D}.Release|Any CPU.Build.0 = Release|Any CPU
	EndGlobalSection
	GlobalSection(SolutionProperties) = preSolution
		HideSolutionNode = FALSE
	EndGlobalSection
	GlobalSection(ExtensibilityGlobals) = postSolution
		SolutionGuid = {3F66155F-0295-4F4B-9822-A2B1A66C859F}
	EndGlobalSection
EndGlobal
